# THIS IS AN AUTOGENERATED FILE. DO NOT EDIT THIS FILE DIRECTLY.
# yarn lockfile v1


"js-tokens@^3.0.0 || ^4.0.0":
  "integrity" "sha512-RdJUflcE3cUzKiMqQgsCu06FPu9UdIJO0beYbPhHN4k6apgJtifcoCtT9bcxOpYBtpD2kCM6Sbzg4CausW/PKQ=="
  "resolved" "https://registry.npmjs.org/js-tokens/-/js-tokens-4.0.0.tgz"
  "version" "4.0.0"

"loose-envify@^1.1.0":
  "integrity" "sha512-lyuxPGr/Wfhrlem2CL/UcnUc1zcqKAImBDzukY7Y5F/yQiNdko6+fRLevlw1HgMySw7f611UIY408EtxRSoK3Q=="
  "resolved" "https://registry.npmjs.org/loose-envify/-/loose-envify-1.4.0.tgz"
  "version" "1.4.0"
  dependencies:
    "js-tokens" "^3.0.0 || ^4.0.0"

"react@^18.3.0-canary-a9cc32511-20240215":
  "integrity" "sha512-lKvCNWRO9XPy8q7hLd0ODK/4Oqr54r3Vr49Y7EyNBz/kfsmNT6Vx0F69KRz/eGcbt1XDvtbA7KZd+mh8w3wONQ=="
  "resolved" "https://registry.npmjs.org/react/-/react-18.3.0-next-fecc288b7-20221025.tgz"
  "version" "18.3.0-next-fecc288b7-20221025"
  dependencies:
    "loose-envify" "^1.1.0"
